github.com/Lofanmi/chinese-calendar-golang v0.0.0-20211214151323-ef5cb443e55e h1:hWFKGrEqJI14SqwK7GShkaTV1NtQzMZFLFasITmH/LI=
github.com/Lofanmi/chinese-calendar-golang v0.0.0-20211214151323-ef5cb443e55e/go.mod h1:nG6VxnU5//MJzjwFAYQzFcrVdm+3RGD8NwO9riziV8E=
github.com/mozillazg/go-pinyin v0.20.0 h1:BtR3DsxpApHfKReaPO1fCqF4pThRwH9uwvXzm+GnMFQ=
github.com/mozillazg/go-pinyin v0.20.0/go.mod h1:iR4EnMMRXkfpFVV5FMi4FNB6wGq9NV6uDWbUuPhP4Yc=
golang.org/x/net v0.26.0 h1:soB7SVo0PWrY4vPW/+ay0jKDNScG2X9wFeYlXIvJsOQ=
golang.org/x/net v0.26.0/go.mod h1:5YKkiSynbBIh3p6iOc/vibscux0x38BZDkn8sCUPxHE=
